
Microsoft Visual Studio Solution File, Format Version 12.00
# Visual Studio Version 17
VisualStudioVersion = 17.4.33122.133
MinimumVisualStudioVersion = 10.0.40219.1
Project("{FAE04EC0-301F-11D3-BF4B-00C04F79EFBC}") = "Aure-DbConnection-01", "Aure-DbConnection-01.csproj", "{D50D1266-AB7C-40BE-8297-0928AEADC3E6}"
EndProject
Global
	GlobalSection(SolutionConfigurationPlatforms) = preSolution
		Debug|Any CPU = Debug|Any CPU
		Release|Any CPU = Release|Any CPU
	EndGlobalSection
	GlobalSection(ProjectConfigurationPlatforms) = postSolution
		{D50D1266-AB7C-40BE-8297-0928AEADC3E6}.Debug|Any CPU.ActiveCfg = Debug|Any CPU
		{D50D1266-AB7C-40BE-8297-0928AEADC3E6}.Debug|Any CPU.Build.0 = Debug|Any CPU
		{D50D1266-AB7C-40BE-8297-0928AEADC3E6}.Release|Any CPU.ActiveCfg = Release|Any CPU
		{D50D1266-AB7C-40BE-8297-0928AEADC3E6}.Release|Any CPU.Build.0 = Release|Any CPU
	EndGlobalSection
	GlobalSection(SolutionProperties) = preSolution
		HideSolutionNode = FALSE
	EndGlobalSection
	GlobalSection(ExtensibilityGlobals) = postSolution
		SolutionGuid = {9998AA57-5E1E-4D98-8CF4-C0E9BA9E8B4C}
	EndGlobalSection
EndGlobal
